// !$*UTF8*$!
{
	archiveVersion = 1;
	classes = {
	};
	objectVersion = 56;
	objects = {

/* Begin PBXBuildFile section */
		D14AFC172910CEE90011BE5B /* Snap_App.swift in Sources */ = {isa = PBXBuildFile; fileRef = D14AFC162910CEE90011BE5B /* Snap_App.swift */; };
		D14AFC192910CEE90011BE5B /* ContentView.swift in Sources */ = {isa = PBXBuildFile; fileRef = D14AFC182910CEE90011BE5B /* ContentView.swift */; };
		D14AFC1B2910CEEA0011BE5B /* Assets.xcassets in Resources */ = {isa = PBXBuildFile; fileRef = D14AFC1A2910CEEA0011BE5B /* Assets.xcassets */; };
		D14AFC1E2910CEEA0011BE5B /* Preview Assets.xcassets in Resources */ = {isa = PBXBuildFile; fileRef = D14AFC1D2910CEEA0011BE5B /* Preview Assets.xcassets */; };
		D14AFC202910CEEA0011BE5B /* Persistence.swift in Sources */ = {isa = PBXBuildFile; fileRef = D14AFC1F2910CEEA0011BE5B /* Persistence.swift */; };
		D14AFC232910CEEA0011BE5B /* Snap_.xcdatamodeld in Sources */ = {isa = PBXBuildFile; fileRef = D14AFC212910CEEA0011BE5B /* Snap_.xcdatamodeld */; };
		D14AFC2E2910CEEA0011BE5B /* Snap_Tests.swift in Sources */ = {isa = PBXBuildFile; fileRef = D14AFC2D2910CEEA0011BE5B /* Snap_Tests.swift */; };
		D14AFC382910CEEA0011BE5B /* Snap_UITests.swift in Sources */ = {isa = PBXBuildFile; fileRef = D14AFC372910CEEA0011BE5B /* Snap_UITests.swift */; };
		D14AFC3A2910CEEA0011BE5B /* Snap_UITestsLaunchTests.swift in Sources */ = {isa = PBXBuildFile; fileRef = D14AFC392910CEEA0011BE5B /* Snap_UITestsLaunchTests.swift */; };
/* End PBXBuildFile section */

/* Begin PBXContainerItemProxy section */
		D14AFC2A2910CEEA0011BE5B /* PBXContainerItemProxy */ = {
			isa = PBXContainerItemProxy;
			containerPortal = D14AFC0B2910CEE90011BE5B /* Project object */;
			proxyType = 1;
			remoteGlobalIDString = D14AFC122910CEE90011BE5B;
			remoteInfo = "Snap!";
		};
		D14AFC342910CEEA0011BE5B /* PBXContainerItemProxy */ = {
			isa = PBXContainerItemProxy;
			containerPortal = D14AFC0B2910CEE90011BE5B /* Project object */;
			proxyType = 1;
			remoteGlobalIDString = D14AFC122910CEE90011BE5B;
			remoteInfo = "Snap!";
		};
/* End PBXContainerItemProxy section */

/* Begin PBXFileReference section */
		D14AFC132910CEE90011BE5B /* Snap!.app */ = {isa = PBXFileReference; explicitFileType = wrapper.application; includeInIndex = 0; path = "Snap!.app"; sourceTree = BUILT_PRODUCTS_DIR; };
		D14AFC162910CEE90011BE5B /* Snap_App.swift */ = {isa = PBXFileReference; lastKnownFileType = sourcecode.swift; path = Snap_App.swift; sourceTree = "<group>"; };
		D14AFC182910CEE90011BE5B /* ContentView.swift */ = {isa = PBXFileReference; lastKnownFileType = sourcecode.swift; path = ContentView.swift; sourceTree = "<group>"; };
		D14AFC1A2910CEEA0011BE5B /* Assets.xcassets */ = {isa = PBXFileReference; lastKnownFileType = folder.assetcatalog; path = Assets.xcassets; sourceTree = "<group>"; };
		D14AFC1D2910CEEA0011BE5B /* Preview Assets.xcassets */ = {isa = PBXFileReference; lastKnownFileType = folder.assetcatalog; path = "Preview Assets.xcassets"; sourceTree = "<group>"; };
		D14AFC1F2910CEEA0011BE5B /* Persistence.swift */ = {isa = PBXFileReference; lastKnownFileType = sourcecode.swift; path = Persistence.swift; sourceTree = "<group>"; };
		D14AFC222910CEEA0011BE5B /* Snap_.xcdatamodel */ = {isa = PBXFileReference; lastKnownFileType = wrapper.xcdatamodel; path = Snap_.xcdatamodel; sourceTree = "<group>"; };
		D14AFC242910CEEA0011BE5B /* Info.plist */ = {isa = PBXFileReference; lastKnownFileType = text.plist.xml; path = Info.plist; sourceTree = "<group>"; };
		D14AFC292910CEEA0011BE5B /* Snap!Tests.xctest */ = {isa = PBXFileReference; explicitFileType = wrapper.cfbundle; includeInIndex = 0; path = "Snap!Tests.xctest"; sourceTree = BUILT_PRODUCTS_DIR; };
		D14AFC2D2910CEEA0011BE5B /* Snap_Tests.swift */ = {isa = PBXFileReference; lastKnownFileType = sourcecode.swift; path = Snap_Tests.swift; sourceTree = "<group>"; };
		D14AFC332910CEEA0011BE5B /* Snap!UITests.xctest */ = {isa = PBXFileReference; explicitFileType = wrapper.cfbundle; includeInIndex = 0; path = "Snap!UITests.xctest"; sourceTree = BUILT_PRODUCTS_DIR; };
		D14AFC372910CEEA0011BE5B /* Snap_UITests.swift */ = {isa = PBXFileReference; lastKnownFileType = sourcecode.swift; path = Snap_UITests.swift; sourceTree = "<group>"; };
		D14AFC392910CEEA0011BE5B /* Snap_UITestsLaunchTests.swift */ = {isa = PBXFileReference; lastKnownFileType = sourcecode.swift; path = Snap_UITestsLaunchTests.swift; sourceTree = "<group>"; };
/* End PBXFileReference section */

/* Begin PBXFrameworksBuildPhase section */
		D14AFC102910CEE90011BE5B /* Frameworks */ = {
			isa = PBXFrameworksBuildPhase;
			buildActionMask = 2147483647;
			files = (
			);
			runOnlyForDeploymentPostprocessing = 0;
		};
		D14AFC262910CEEA0011BE5B /* Frameworks */ = {
			isa = PBXFrameworksBuildPhase;
			buildActionMask = 2147483647;
			files = (
			);
			runOnlyForDeploymentPostprocessing = 0;
		};
		D14AFC302910CEEA0011BE5B /* Frameworks */ = {
			isa = PBXFrameworksBuildPhase;
			buildActionMask = 2147483647;
			files = (
			);
			runOnlyForDeploymentPostprocessing = 0;
		};
/* End PBXFrameworksBuildPhase section */

/* Begin PBXGroup section */
		D14AFC0A2910CEE90011BE5B = {
			isa = PBXGroup;
			children = (
				D14AFC152910CEE90011BE5B /* Snap! */,
				D14AFC2C2910CEEA0011BE5B /* Snap!Tests */,
				D14AFC362910CEEA0011BE5B /* Snap!UITests */,
				D14AFC142910CEE90011BE5B /* Products */,
			);
			sourceTree = "<group>";
		};
		D14AFC142910CEE90011BE5B /* Products */ = {
			isa = PBXGroup;
			children = (
				D14AFC132910CEE90011BE5B /* Snap!.app */,
				D14AFC292910CEEA0011BE5B /* Snap!Tests.xctest */,
				D14AFC332910CEEA0011BE5B /* Snap!UITests.xctest */,
			);
			name = Products;
			sourceTree = "<group>";
		};
		D14AFC152910CEE90011BE5B /* Snap! */ = {
			isa = PBXGroup;
			children = (
				D14AFC162910CEE90011BE5B /* Snap_App.swift */,
				D14AFC182910CEE90011BE5B /* ContentView.swift */,
				D14AFC1A2910CEEA0011BE5B /* Assets.xcassets */,
				D14AFC1F2910CEEA0011BE5B /* Persistence.swift */,
				D14AFC242910CEEA0011BE5B /* Info.plist */,
				D14AFC212910CEEA0011BE5B /* Snap_.xcdatamodeld */,
				D14AFC1C2910CEEA0011BE5B /* Preview Content */,
			);
			path = "Snap!";
			sourceTree = "<group>";
		};
		D14AFC1C2910CEEA0011BE5B /* Preview Content */ = {
			isa = PBXGroup;
			children = (
				D14AFC1D2910CEEA0011BE5B /* Preview Assets.xcassets */,
			);
			path = "Preview Content";
			sourceTree = "<group>";
		};
		D14AFC2C2910CEEA0011BE5B /* Snap!Tests */ = {
			isa = PBXGroup;
			children = (
				D14AFC2D2910CEEA0011BE5B /* Snap_Tests.swift */,
			);
			path = "Snap!Tests";
			sourceTree = "<group>";
		};
		D14AFC362910CEEA0011BE5B /* Snap!UITests */ = {
			isa = PBXGroup;
			children = (
				D14AFC372910CEEA0011BE5B /* Snap_UITests.swift */,
				D14AFC392910CEEA0011BE5B /* Snap_UITestsLaunchTests.swift */,
			);
			path = "Snap!UITests";
			sourceTree = "<group>";
		};
/* End PBXGroup section */

/* Begin PBXNativeTarget section */
		D14AFC122910CEE90011BE5B /* Snap! */ = {
			isa = PBXNativeTarget;
			buildConfigurationList = D14AFC3D2910CEEA0011BE5B /* Build configuration list for PBXNativeTarget "Snap!" */;
			buildPhases = (
				D14AFC0F2910CEE90011BE5B /* Sources */,
				D14AFC102910CEE90011BE5B /* Frameworks */,
				D14AFC112910CEE90011BE5B /* Resources */,
			);
			buildRules = (
			);
			dependencies = (
			);
			name = "Snap!";
			productName = "Snap!";
			productReference = D14AFC132910CEE90011BE5B /* Snap!.app */;
			productType = "com.apple.product-type.application";
		};
		D14AFC282910CEEA0011BE5B /* Snap!Tests */ = {
			isa = PBXNativeTarget;
			buildConfigurationList = D14AFC402910CEEA0011BE5B /* Build configuration list for PBXNativeTarget "Snap!Tests" */;
			buildPhases = (
				D14AFC252910CEEA0011BE5B /* Sources */,
				D14AFC262910CEEA0011BE5B /* Frameworks */,
				D14AFC272910CEEA0011BE5B /* Resources */,
			);
			buildRules = (
			);
			dependencies = (
				D14AFC2B2910CEEA0011BE5B /* PBXTargetDependency */,
			);
			name = "Snap!Tests";
			productName = "Snap!Tests";
			productReference = D14AFC292910CEEA0011BE5B /* Snap!Tests.xctest */;
			productType = "com.apple.product-type.bundle.unit-test";
		};
		D14AFC322910CEEA0011BE5B /* Snap!UITests */ = {
			isa = PBXNativeTarget;
			buildConfigurationList = D14AFC432910CEEA0011BE5B /* Build configuration list for PBXNativeTarget "Snap!UITests" */;
			buildPhases = (
				D14AFC2F2910CEEA0011BE5B /* Sources */,
				D14AFC302910CEEA0011BE5B /* Frameworks */,
				D14AFC312910CEEA0011BE5B /* Resources */,
			);
			buildRules = (
			);
			dependencies = (
				D14AFC352910CEEA0011BE5B /* PBXTargetDependency */,
			);
			name = "Snap!UITests";
			productName = "Snap!UITests";
			productReference = D14AFC332910CEEA0011BE5B /* Snap!UITests.xctest */;
			productType = "com.apple.product-type.bundle.ui-testing";
		};
/* End PBXNativeTarget section */

/* Begin PBXProject section */
		D14AFC0B2910CEE90011BE5B /* Project object */ = {
			isa = PBXProject;
			attributes = {
				BuildIndependentTargetsInParallel = 1;
				LastSwiftUpdateCheck = 1400;
				LastUpgradeCheck = 1400;
				TargetAttributes = {
					D14AFC122910CEE90011BE5B = {
						CreatedOnToolsVersion = 14.0.1;
					};
					D14AFC282910CEEA0011BE5B = {
						CreatedOnToolsVersion = 14.0.1;
						TestTargetID = D14AFC122910CEE90011BE5B;
					};
					D14AFC322910CEEA0011BE5B = {
						CreatedOnToolsVersion = 14.0.1;
						TestTargetID = D14AFC122910CEE90011BE5B;
					};
				};
			};
			buildConfigurationList = D14AFC0E2910CEE90011BE5B /* Build configuration list for PBXProject "Snap!" */;
			compatibilityVersion = "Xcode 14.0";
			developmentRegion = en;
			hasScannedForEncodings = 0;
			knownRegions = (
				en,
				Base,
			);
			mainGroup = D14AFC0A2910CEE90011BE5B;
			productRefGroup = D14AFC142910CEE90011BE5B /* Products */;
			projectDirPath = "";
			projectRoot = "";
			targets = (
				D14AFC122910CEE90011BE5B /* Snap! */,
				D14AFC282910CEEA0011BE5B /* Snap!Tests */,
				D14AFC322910CEEA0011BE5B /* Snap!UITests */,
			);
		};
/* End PBXProject section */

/* Begin PBXResourcesBuildPhase section */
		D14AFC112910CEE90011BE5B /* Resources */ = {
			isa = PBXResourcesBuildPhase;
			buildActionMask = 2147483647;
			files = (
				D14AFC1E2910CEEA0011BE5B /* Preview Assets.xcassets in Resources */,
				D14AFC1B2910CEEA0011BE5B /* Assets.xcassets in Resources */,
			);
			runOnlyForDeploymentPostprocessing = 0;
		};
		D14AFC272910CEEA0011BE5B /* Resources */ = {
			isa = PBXResourcesBuildPhase;
			buildActionMask = 2147483647;
			files = (
			);
			runOnlyForDeploymentPostprocessing = 0;
		};
		D14AFC312910CEEA0011BE5B /* Resources */ = {
			isa = PBXResourcesBuildPhase;
			buildActionMask = 2147483647;
			files = (
			);
			runOnlyForDeploymentPostprocessing = 0;
		};
/* End PBXResourcesBuildPhase section */

/* Begin PBXSourcesBuildPhase section */
		D14AFC0F2910CEE90011BE5B /* Sources */ = {
			isa = PBXSourcesBuildPhase;
			buildActionMask = 2147483647;
			files = (
				D14AFC202910CEEA0011BE5B /* Persistence.swift in Sources */,
				D14AFC192910CEE90011BE5B /* ContentView.swift in Sources */,
				D14AFC172910CEE90011BE5B /* Snap_App.swift in Sources */,
				D14AFC232910CEEA0011BE5B /* Snap_.xcdatamodeld in Sources */,
			);
			runOnlyForDeploymentPostprocessing = 0;
		};
		D14AFC252910CEEA0011BE5B /* Sources */ = {
			isa = PBXSourcesBuildPhase;
			buildActionMask = 2147483647;
			files = (
				D14AFC2E2910CEEA0011BE5B /* Snap_Tests.swift in Sources */,
			);
			runOnlyForDeploymentPostprocessing = 0;
		};
		D14AFC2F2910CEEA0011BE5B /* Sources */ = {
			isa = PBXSourcesBuildPhase;
			buildActionMask = 2147483647;
			files = (
				D14AFC3A2910CEEA0011BE5B /* Snap_UITestsLaunchTests.swift in Sources */,
				D14AFC382910CEEA0011BE5B /* Snap_UITests.swift in Sources */,
			);
			runOnlyForDeploymentPostprocessing = 0;
		};
/* End PBXSourcesBuildPhase section */

/* Begin PBXTargetDependency section */
		D14AFC2B2910CEEA0011BE5B /* PBXTargetDependency */ = {
			isa = PBXTargetDependency;
			target = D14AFC122910CEE90011BE5B /* Snap! */;
			targetProxy = D14AFC2A2910CEEA0011BE5B /* PBXContainerItemProxy */;
		};
		D14AFC352910CEEA0011BE5B /* PBXTargetDependency */ = {
			isa = PBXTargetDependency;
			target = D14AFC122910CEE90011BE5B /* Snap! */;
			targetProxy = D14AFC342910CEEA0011BE5B /* PBXContainerItemProxy */;
		};
/* End PBXTargetDependency section */

/* Begin XCBuildConfiguration section */
		D14AFC3B2910CEEA0011BE5B /* Debug */ = {
			isa = XCBuildConfiguration;
			buildSettings = {
				ALWAYS_SEARCH_USER_PATHS = NO;
				CLANG_ANALYZER_NONNULL = YES;
				CLANG_ANALYZER_NUMBER_OBJECT_CONVERSION = YES_AGGRESSIVE;
				CLANG_CXX_LANGUAGE_STANDARD = "gnu++20";
				CLANG_ENABLE_MODULES = YES;
				CLANG_ENABLE_OBJC_ARC = YES;
				CLANG_ENABLE_OBJC_WEAK = YES;
				CLANG_WARN_BLOCK_CAPTURE_AUTORELEASING = YES;
				CLANG_WARN_BOOL_CONVERSION = YES;
				CLANG_WARN_COMMA = YES;
				CLANG_WARN_CONSTANT_CONVERSION = YES;
				CLANG_WARN_DEPRECATED_OBJC_IMPLEMENTATIONS = YES;
				CLANG_WARN_DIRECT_OBJC_ISA_USAGE = YES_ERROR;
				CLANG_WARN_DOCUMENTATION_COMMENTS = YES;
				CLANG_WARN_EMPTY_BODY = YES;
				CLANG_WARN_ENUM_CONVERSION = YES;
				CLANG_WARN_INFINITE_RECURSION = YES;
				CLANG_WARN_INT_CONVERSION = YES;
				CLANG_WARN_NON_LITERAL_NULL_CONVERSION = YES;
				CLANG_WARN_OBJC_IMPLICIT_RETAIN_SELF = YES;
				CLANG_WARN_OBJC_LITERAL_CONVERSION = YES;
				CLANG_WARN_OBJC_ROOT_CLASS = YES_ERROR;
				CLANG_WARN_QUOTED_INCLUDE_IN_FRAMEWORK_HEADER = YES;
				CLANG_WARN_RANGE_LOOP_ANALYSIS = YES;
				CLANG_WARN_STRICT_PROTOTYPES = YES;
				CLANG_WARN_SUSPICIOUS_MOVE = YES;
				CLANG_WARN_UNGUARDED_AVAILABILITY = YES_AGGRESSIVE;
				CLANG_WARN_UNREACHABLE_CODE = YES;
				CLANG_WARN__DUPLICATE_METHOD_MATCH = YES;
				COPY_PHASE_STRIP = NO;
				DEBUG_INFORMATION_FORMAT = dwarf;
				ENABLE_STRICT_OBJC_MSGSEND = YES;
				ENABLE_TESTABILITY = YES;
				GCC_C_LANGUAGE_STANDARD = gnu11;
				GCC_DYNAMIC_NO_PIC = NO;
				GCC_NO_COMMON_BLOCKS = YES;
				GCC_OPTIMIZATION_LEVEL = 0;
				GCC_PREPROCESSOR_DEFINITIONS = (
					"DEBUG=1",
					"$(inherited)",
				);
				GCC_WARN_64_TO_32_BIT_CONVERSION = YES;
				GCC_WARN_ABOUT_RETURN_TYPE = YES_ERROR;
				GCC_WARN_UNDECLARED_SELECTOR = YES;
				GCC_WARN_UNINITIALIZED_AUTOS = YES_AGGRESSIVE;
				GCC_WARN_UNUSED_FUNCTION = YES;
				GCC_WARN_UNUSED_VARIABLE = YES;
				IPHONEOS_DEPLOYMENT_TARGET = 16.0;
				MTL_ENABLE_DEBUG_INFO = INCLUDE_SOURCE;
				MTL_FAST_MATH = YES;
				ONLY_ACTIVE_ARCH = YES;
				SDKROOT = iphoneos;
				SWIFT_ACTIVE_COMPILATION_CONDITIONS = DEBUG;
				SWIFT_OPTIMIZATION_LEVEL = "-Onone";
			};
			name = Debug;
		};
		D14AFC3C2910CEEA0011BE5B /* Release */ = {
			isa = XCBuildConfiguration;
			buildSettings = {
				ALWAYS_SEARCH_USER_PATHS = NO;
				CLANG_ANALYZER_NONNULL = YES;
				CLANG_ANALYZER_NUMBER_OBJECT_CONVERSION = YES_AGGRESSIVE;
				CLANG_CXX_LANGUAGE_STANDARD = "gnu++20";
				CLANG_ENABLE_MODULES = YES;
				CLANG_ENABLE_OBJC_ARC = YES;
				CLANG_ENABLE_OBJC_WEAK = YES;
				CLANG_WARN_BLOCK_CAPTURE_AUTORELEASING = YES;
				CLANG_WARN_BOOL_CONVERSION = YES;
				CLANG_WARN_COMMA = YES;
				CLANG_WARN_CONSTANT_CONVERSION = YES;
				CLANG_WARN_DEPRECATED_OBJC_IMPLEMENTATIONS = YES;
				CLANG_WARN_DIRECT_OBJC_ISA_USAGE = YES_ERROR;
				CLANG_WARN_DOCUMENTATION_COMMENTS = YES;
				CLANG_WARN_EMPTY_BODY = YES;
				CLANG_WARN_ENUM_CONVERSION = YES;
				CLANG_WARN_INFINITE_RECURSION = YES;
				CLANG_WARN_INT_CONVERSION = YES;
				CLANG_WARN_NON_LITERAL_NULL_CONVERSION = YES;
				CLANG_WARN_OBJC_IMPLICIT_RETAIN_SELF = YES;
				CLANG_WARN_OBJC_LITERAL_CONVERSION = YES;
				CLANG_WARN_OBJC_ROOT_CLASS = YES_ERROR;
				CLANG_WARN_QUOTED_INCLUDE_IN_FRAMEWORK_HEADER = YES;
				CLANG_WARN_RANGE_LOOP_ANALYSIS = YES;
				CLANG_WARN_STRICT_PROTOTYPES = YES;
				CLANG_WARN_SUSPICIOUS_MOVE = YES;
				CLANG_WARN_UNGUARDED_AVAILABILITY = YES_AGGRESSIVE;
				CLANG_WARN_UNREACHABLE_CODE = YES;
				CLANG_WARN__DUPLICATE_METHOD_MATCH = YES;
				COPY_PHASE_STRIP = NO;
				DEBUG_INFORMATION_FORMAT = "dwarf-with-dsym";
				ENABLE_NS_ASSERTIONS = NO;
				ENABLE_STRICT_OBJC_MSGSEND = YES;
				GCC_C_LANGUAGE_STANDARD = gnu11;
				GCC_NO_COMMON_BLOCKS = YES;
				GCC_WARN_64_TO_32_BIT_CONVERSION = YES;
				GCC_WARN_ABOUT_RETURN_TYPE = YES_ERROR;
				GCC_WARN_UNDECLARED_SELECTOR = YES;
				GCC_WARN_UNINITIALIZED_AUTOS = YES_AGGRESSIVE;
				GCC_WARN_UNUSED_FUNCTION = YES;
				GCC_WARN_UNUSED_VARIABLE = YES;
				IPHONEOS_DEPLOYMENT_TARGET = 16.0;
				MTL_ENABLE_DEBUG_INFO = NO;
				MTL_FAST_MATH = YES;
				SDKROOT = iphoneos;
				SWIFT_COMPILATION_MODE = wholemodule;
				SWIFT_OPTIMIZATION_LEVEL = "-O";
				VALIDATE_PRODUCT = YES;
			};
			name = Release;
		};
		D14AFC3E2910CEEA0011BE5B /* Debug */ = {
			isa = XCBuildConfiguration;
			buildSettings = {
				ASSETCATALOG_COMPILER_APPICON_NAME = AppIcon;
				ASSETCATALOG_COMPILER_GLOBAL_ACCENT_COLOR_NAME = AccentColor;
				CODE_SIGN_STYLE = Automatic;
				CURRENT_PROJECT_VERSION = 1;
				DEVELOPMENT_ASSET_PATHS = "\"Snap!/Preview Content\"";
				DEVELOPMENT_TEAM = V6XWCKSGZQ;
				ENABLE_PREVIEWS = YES;
				GENERATE_INFOPLIST_FILE = YES;
				INFOPLIST_KEY_UIApplicationSceneManifest_Generation = YES;
				INFOPLIST_KEY_UIApplicationSupportsIndirectInputEvents = YES;
				INFOPLIST_KEY_UILaunchScreen_Generation = YES;
				INFOPLIST_KEY_UISupportedInterfaceOrientations_iPad = "UIInterfaceOrientationPortrait UIInterfaceOrientationPortraitUpsideDown UIInterfaceOrientationLandscapeLeft UIInterfaceOrientationLandscapeRight";
				INFOPLIST_KEY_UISupportedInterfaceOrientations_iPhone = "UIInterfaceOrientationPortrait UIInterfaceOrientationLandscapeLeft UIInterfaceOrientationLandscapeRight";
				LD_RUNPATH_SEARCH_PATHS = (
					"$(inherited)",
					"@executable_path/Frameworks",
				);
				MARKETING_VERSION = 1.0;
				PRODUCT_BUNDLE_IDENTIFIER = "notomer.Snap-";
				PRODUCT_NAME = "$(TARGET_NAME)";
				SWIFT_EMIT_LOC_STRINGS = YES;
				SWIFT_VERSION = 5.0;
				TARGETED_DEVICE_FAMILY = "1,2";
			};
			name = Debug;
		};
		D14AFC3F2910CEEA0011BE5B /* Release */ = {
			isa = XCBuildConfiguration;
			buildSettings = {
				ASSETCATALOG_COMPILER_APPICON_NAME = AppIcon;
				ASSETCATALOG_COMPILER_GLOBAL_ACCENT_COLOR_NAME = AccentColor;
				CODE_SIGN_STYLE = Automatic;
				CURRENT_PROJECT_VERSION = 1;
				DEVELOPMENT_ASSET_PATHS = "\"Snap!/Preview Content\"";
				DEVELOPMENT_TEAM = V6XWCKSGZQ;
				ENABLE_PREVIEWS = YES;
				GENERATE_INFOPLIST_FILE = YES;
				INFOPLIST_KEY_UIApplicationSceneManifest_Generation = YES;
				INFOPLIST_KEY_UIApplicationSupportsIndirectInputEvents = YES;
				INFOPLIST_KEY_UILaunchScreen_Generation = YES;
				INFOPLIST_KEY_UISupportedInterfaceOrientations_iPad = "UIInterfaceOrientationPortrait UIInterfaceOrientationPortraitUpsideDown UIInterfaceOrientationLandscapeLeft UIInterfaceOrientationLandscapeRight";
				INFOPLIST_KEY_UISupportedInterfaceOrientations_iPhone = "UIInterfaceOrientationPortrait UIInterfaceOrientationLandscapeLeft UIInterfaceOrientationLandscapeRight";
				LD_RUNPATH_SEARCH_PATHS = (
					"$(inherited)",
					"@executable_path/Frameworks",
				);
				MARKETING_VERSION = 1.0;
				PRODUCT_BUNDLE_IDENTIFIER = "notomer.Snap-";
				PRODUCT_NAME = "$(TARGET_NAME)";
				SWIFT_EMIT_LOC_STRINGS = YES;
				SWIFT_VERSION = 5.0;
				TARGETED_DEVICE_FAMILY = "1,2";
			};
			name = Release;
		};
		D14AFC412910CEEA0011BE5B /* Debug */ = {
			isa = XCBuildConfiguration;
			buildSettings = {
				ALWAYS_EMBED_SWIFT_STANDARD_LIBRARIES = YES;
				BUNDLE_LOADER = "$(TEST_HOST)";
				CODE_SIGN_STYLE = Automatic;
				CURRENT_PROJECT_VERSION = 1;
				DEVELOPMENT_TEAM = V6XWCKSGZQ;
				GENERATE_INFOPLIST_FILE = YES;
				IPHONEOS_DEPLOYMENT_TARGET = 16.0;
				MARKETING_VERSION = 1.0;
				PRODUCT_BUNDLE_IDENTIFIER = "notomer.Snap-Tests";
				PRODUCT_NAME = "$(TARGET_NAME)";
				SWIFT_EMIT_LOC_STRINGS = NO;
				SWIFT_VERSION = 5.0;
				TARGETED_DEVICE_FAMILY = "1,2";
				TEST_HOST = "$(BUILT_PRODUCTS_DIR)/Snap!.app/$(BUNDLE_EXECUTABLE_FOLDER_PATH)/Snap!";
			};
			name = Debug;
		};
		D14AFC422910CEEA0011BE5B /* Release */ = {
			isa = XCBuildConfiguration;
			buildSettings = {
				ALWAYS_EMBED_SWIFT_STANDARD_LIBRARIES = YES;
				BUNDLE_LOADER = "$(TEST_HOST)";
				CODE_SIGN_STYLE = Automatic;
				CURRENT_PROJECT_VERSION = 1;
				DEVELOPMENT_TEAM = V6XWCKSGZQ;
				GENERATE_INFOPLIST_FILE = YES;
				IPHONEOS_DEPLOYMENT_TARGET = 16.0;
				MARKETING_VERSION = 1.0;
				PRODUCT_BUNDLE_IDENTIFIER = "notomer.Snap-Tests";
				PRODUCT_NAME = "$(TARGET_NAME)";
				SWIFT_EMIT_LOC_STRINGS = NO;
				SWIFT_VERSION = 5.0;
				TARGETED_DEVICE_FAMILY = "1,2";
				TEST_HOST = "$(BUILT_PRODUCTS_DIR)/Snap!.app/$(BUNDLE_EXECUTABLE_FOLDER_PATH)/Snap!";
			};
			name = Release;
		};
		D14AFC442910CEEA0011BE5B /* Debug */ = {
			isa = XCBuildConfiguration;
			buildSettings = {
				ALWAYS_EMBED_SWIFT_STANDARD_LIBRARIES = YES;
				CODE_SIGN_STYLE = Automatic;
				CURRENT_PROJECT_VERSION = 1;
				DEVELOPMENT_TEAM = V6XWCKSGZQ;
				GENERATE_INFOPLIST_FILE = YES;
				MARKETING_VERSION = 1.0;
				PRODUCT_BUNDLE_IDENTIFIER = "notomer.Snap-UITests";
				PRODUCT_NAME = "$(TARGET_NAME)";
				SWIFT_EMIT_LOC_STRINGS = NO;
				SWIFT_VERSION = 5.0;
				TARGETED_DEVICE_FAMILY = "1,2";
				TEST_TARGET_NAME = "Snap!";
			};
			name = Debug;
		};
		D14AFC452910CEEA0011BE5B /* Release */ = {
			isa = XCBuildConfiguration;
			buildSettings = {
				ALWAYS_EMBED_SWIFT_STANDARD_LIBRARIES = YES;
				CODE_SIGN_STYLE = Automatic;
				CURRENT_PROJECT_VERSION = 1;
				DEVELOPMENT_TEAM = V6XWCKSGZQ;
				GENERATE_INFOPLIST_FILE = YES;
				MARKETING_VERSION = 1.0;
				PRODUCT_BUNDLE_IDENTIFIER = "notomer.Snap-UITests";
				PRODUCT_NAME = "$(TARGET_NAME)";
				SWIFT_EMIT_LOC_STRINGS = NO;
				SWIFT_VERSION = 5.0;
				TARGETED_DEVICE_FAMILY = "1,2";
				TEST_TARGET_NAME = "Snap!";
			};
			name = Release;
		};
/* End XCBuildConfiguration section */

/* Begin XCConfigurationList section */
		D14AFC0E2910CEE90011BE5B /* Build configuration list for PBXProject "Snap!" */ = {
			isa = XCConfigurationList;
			buildConfigurations = (
				D14AFC3B2910CEEA0011BE5B /* Debug */,
				D14AFC3C2910CEEA0011BE5B /* Release */,
			);
			defaultConfigurationIsVisible = 0;
			defaultConfigurationName = Release;
		};
		D14AFC3D2910CEEA0011BE5B /* Build configuration list for PBXNativeTarget "Snap!" */ = {
			isa = XCConfigurationList;
			buildConfigurations = (
				D14AFC3E2910CEEA0011BE5B /* Debug */,
				D14AFC3F2910CEEA0011BE5B /* Release */,
			);
			defaultConfigurationIsVisible = 0;
			defaultConfigurationName = Release;
		};
		D14AFC402910CEEA0011BE5B /* Build configuration list for PBXNativeTarget "Snap!Tests" */ = {
			isa = XCConfigurationList;
			buildConfigurations = (
				D14AFC412910CEEA0011BE5B /* Debug */,
				D14AFC422910CEEA0011BE5B /* Release */,
			);
			defaultConfigurationIsVisible = 0;
			defaultConfigurationName = Release;
		};
		D14AFC432910CEEA0011BE5B /* Build configuration list for PBXNativeTarget "Snap!UITests" */ = {
			isa = XCConfigurationList;
			buildConfigurations = (
				D14AFC442910CEEA0011BE5B /* Debug */,
				D14AFC452910CEEA0011BE5B /* Release */,
			);
			defaultConfigurationIsVisible = 0;
			defaultConfigurationName = Release;
		};
/* End XCConfigurationList section */

/* Begin XCVersionGroup section */
		D14AFC212910CEEA0011BE5B /* Snap_.xcdatamodeld */ = {
			isa = XCVersionGroup;
			children = (
				D14AFC222910CEEA0011BE5B /* Snap_.xcdatamodel */,
			);
			currentVersion = D14AFC222910CEEA0011BE5B /* Snap_.xcdatamodel */;
			path = Snap_.xcdatamodeld;
			sourceTree = "<group>";
			versionGroupType = wrapper.xcdatamodel;
		};
/* End XCVersionGroup section */
	};
	rootObject = D14AFC0B2910CEE90011BE5B /* Project object */;
}
